<?xml version="1.0" encoding="utf-8"?>
<Project ToolsVersion="4.0" xmlns="http://schemas.microsoft.com/developer/msbuild/2003">
  <ItemGroup>
    <Filter Include="Header Files">
      <UniqueIdentifier>{bbf997d8-088f-4f76-add1-07a9d36ae69f}</UniqueIdentifier>
    </Filter>
    <Filter Include="Source Files">
      <UniqueIdentifier>{c853f608-8cbe-4444-9a34-0b12990b0cb4}</UniqueIdentifier>
    </Filter>
  </ItemGroup>
  <ItemGroup>
    <ClCompile Include="src\ALTManager.cpp">
      <Filter>Source Files</Filter>
    </ClCompile>
    <ClCompile Include="src\AudiortrLauncherThread.cpp">
      <Filter>Source Files</Filter>
    </ClCompile>
    <ClCompile Include="src\SBLauncher.cpp">
      <Filter>Source Files</Filter>
    </ClCompile>
  </ItemGroup>
  <ItemGroup>
    <ClInclude Include="src\ALTManager.h">
      <Filter>Header Files</Filter>
    </ClInclude>
    <ClInclude Include="src\AppInfo.h">
      <Filter>Header Files</Filter>
    </ClInclude>
    <ClInclude Include="src\AppTypes.h">
      <Filter>Header Files</Filter>
    </ClInclude>
    <ClInclude Include="src\AudiortrLauncherThread.h">
      <Filter>Header Files</Filter>
    </ClInclude>
    <ClInclude Include="src\IAppLauncherThread.h">
      <Filter>Header Files</Filter>
    </ClInclude>
  </ItemGroup>
</Project>